
Microsoft Visual Studio Solution File, Format Version 12.00
# Visual Studio Version 17
VisualStudioVersion = 17.8.34525.116
MinimumVisualStudioVersion = 10.0.40219.1
Project("{9A19103F-16F7-4668-BE54-9A1E7A4F7556}") = "OpenMicNight.Domain", "OpenMicNight.Domain\OpenMicNight.Domain.csproj", "{B05E28EC-6870-4C03-9032-5F88E089F992}"
EndProject
Project("{9A19103F-16F7-4668-BE54-9A1E7A4F7556}") = "OpenMicNight.Data", "OpenMicNight.Data\OpenMicNight.Data.csproj", "{8BAD73EE-DD6B-4B96-89FF-0DE2CA276A11}"
EndProject
Project("{9A19103F-16F7-4668-BE54-9A1E7A4F7556}") = "OpenMicNight.UI", "OpenMicNight.UI\OpenMicNight.UI.csproj", "{8A46BC13-A8D8-427B-B4AA-47073A9DCE76}"
EndProject
Project("{9A19103F-16F7-4668-BE54-9A1E7A4F7556}") = "OpenMicNight.Logic", "OpenMicNight.Logic\OpenMicNight.Logic.csproj", "{4599DF71-9880-4213-B479-E1603E662B6B}"
EndProject
Project("{9A19103F-16F7-4668-BE54-9A1E7A4F7556}") = "OpenMicNight.Test", "TestProject1\OpenMicNight.Test.csproj", "{7581B5E2-8032-4DC2-879C-E7E9D20FAC9C}"
EndProject
Global
	GlobalSection(SolutionConfigurationPlatforms) = preSolution
		Debug|Any CPU = Debug|Any CPU
		Release|Any CPU = Release|Any CPU
	EndGlobalSection
	GlobalSection(ProjectConfigurationPlatforms) = postSolution
		{B05E28EC-6870-4C03-9032-5F88E089F992}.Debug|Any CPU.ActiveCfg = Debug|Any CPU
		{B05E28EC-6870-4C03-9032-5F88E089F992}.Debug|Any CPU.Build.0 = Debug|Any CPU
		{B05E28EC-6870-4C03-9032-5F88E089F992}.Release|Any CPU.ActiveCfg = Release|Any CPU
		{B05E28EC-6870-4C03-9032-5F88E089F992}.Release|Any CPU.Build.0 = Release|Any CPU
		{8BAD73EE-DD6B-4B96-89FF-0DE2CA276A11}.Debug|Any CPU.ActiveCfg = Debug|Any CPU
		{8BAD73EE-DD6B-4B96-89FF-0DE2CA276A11}.Debug|Any CPU.Build.0 = Debug|Any CPU
		{8BAD73EE-DD6B-4B96-89FF-0DE2CA276A11}.Release|Any CPU.ActiveCfg = Release|Any CPU
		{8BAD73EE-DD6B-4B96-89FF-0DE2CA276A11}.Release|Any CPU.Build.0 = Release|Any CPU
		{8A46BC13-A8D8-427B-B4AA-47073A9DCE76}.Debug|Any CPU.ActiveCfg = Debug|Any CPU
		{8A46BC13-A8D8-427B-B4AA-47073A9DCE76}.Debug|Any CPU.Build.0 = Debug|Any CPU
		{8A46BC13-A8D8-427B-B4AA-47073A9DCE76}.Release|Any CPU.ActiveCfg = Release|Any CPU
		{8A46BC13-A8D8-427B-B4AA-47073A9DCE76}.Release|Any CPU.Build.0 = Release|Any CPU
		{4599DF71-9880-4213-B479-E1603E662B6B}.Debug|Any CPU.ActiveCfg = Debug|Any CPU
		{4599DF71-9880-4213-B479-E1603E662B6B}.Debug|Any CPU.Build.0 = Debug|Any CPU
		{4599DF71-9880-4213-B479-E1603E662B6B}.Release|Any CPU.ActiveCfg = Release|Any CPU
		{4599DF71-9880-4213-B479-E1603E662B6B}.Release|Any CPU.Build.0 = Release|Any CPU
		{7581B5E2-8032-4DC2-879C-E7E9D20FAC9C}.Debug|Any CPU.ActiveCfg = Debug|Any CPU
		{7581B5E2-8032-4DC2-879C-E7E9D20FAC9C}.Debug|Any CPU.Build.0 = Debug|Any CPU
		{7581B5E2-8032-4DC2-879C-E7E9D20FAC9C}.Release|Any CPU.ActiveCfg = Release|Any CPU
		{7581B5E2-8032-4DC2-879C-E7E9D20FAC9C}.Release|Any CPU.Build.0 = Release|Any CPU
	EndGlobalSection
	GlobalSection(SolutionProperties) = preSolution
		HideSolutionNode = FALSE
	EndGlobalSection
	GlobalSection(ExtensibilityGlobals) = postSolution
		SolutionGuid = {C35B9B19-3E1E-40C2-9482-3127C736FB53}
	EndGlobalSection
EndGlobal
